// !$*UTF8*$!
{
	archiveVersion = 1;
	classes = {
	};
	objectVersion = 56;
	objects = {

/* Begin PBXBuildFile section */
		6407A8482AD8B94600EEBDFB /* NoteModel.swift in Sources */ = {isa = PBXBuildFile; fileRef = 6407A8472AD8B94600EEBDFB /* NoteModel.swift */; };
		6407A84A2AD8BF6100EEBDFB /* NoteItemView.swift in Sources */ = {isa = PBXBuildFile; fileRef = 6407A8492AD8BF6100EEBDFB /* NoteItemView.swift */; };
		64A8EDF42ADB44CA00EE1E21 /* DetailsView.swift in Sources */ = {isa = PBXBuildFile; fileRef = 64A8EDF32ADB44CA00EE1E21 /* DetailsView.swift */; };
		64A8EDF62ADB554200EE1E21 /* HeaderView.swift in Sources */ = {isa = PBXBuildFile; fileRef = 64A8EDF52ADB554200EE1E21 /* HeaderView.swift */; };
		64D5784C2AD4B672005BAC05 /* notes Watch App.app in Embed Watch Content */ = {isa = PBXBuildFile; fileRef = 64D5784B2AD4B672005BAC05 /* notes Watch App.app */; settings = {ATTRIBUTES = (RemoveHeadersOnCopy, ); }; };
		64D578512AD4B672005BAC05 /* NotesApp.swift in Sources */ = {isa = PBXBuildFile; fileRef = 64D578502AD4B672005BAC05 /* NotesApp.swift */; };
		64D578532AD4B672005BAC05 /* CreateNote.swift in Sources */ = {isa = PBXBuildFile; fileRef = 64D578522AD4B672005BAC05 /* CreateNote.swift */; };
		64D578552AD4B674005BAC05 /* Assets.xcassets in Resources */ = {isa = PBXBuildFile; fileRef = 64D578542AD4B674005BAC05 /* Assets.xcassets */; };
		64D578582AD4B674005BAC05 /* Preview Assets.xcassets in Resources */ = {isa = PBXBuildFile; fileRef = 64D578572AD4B674005BAC05 /* Preview Assets.xcassets */; };
		64DD52772ADDD053003B1CB4 /* CreatedByView.swift in Sources */ = {isa = PBXBuildFile; fileRef = 64DD52762ADDD053003B1CB4 /* CreatedByView.swift */; };
		64DD52792ADDDC2E003B1CB4 /* SettingsView.swift in Sources */ = {isa = PBXBuildFile; fileRef = 64DD52782ADDDC2E003B1CB4 /* SettingsView.swift */; };
		64DD527B2ADDE1FB003B1CB4 /* Extension.swift in Sources */ = {isa = PBXBuildFile; fileRef = 64DD527A2ADDE1FB003B1CB4 /* Extension.swift */; };
/* End PBXBuildFile section */

/* Begin PBXContainerItemProxy section */
		64D5784D2AD4B672005BAC05 /* PBXContainerItemProxy */ = {
			isa = PBXContainerItemProxy;
			containerPortal = 64D5783F2AD4B671005BAC05 /* Project object */;
			proxyType = 1;
			remoteGlobalIDString = 64D5784A2AD4B672005BAC05;
			remoteInfo = "notes Watch App";
		};
/* End PBXContainerItemProxy section */

/* Begin PBXCopyFilesBuildPhase section */
		64D5785E2AD4B674005BAC05 /* Embed Watch Content */ = {
			isa = PBXCopyFilesBuildPhase;
			buildActionMask = 2147483647;
			dstPath = "$(CONTENTS_FOLDER_PATH)/Watch";
			dstSubfolderSpec = 16;
			files = (
				64D5784C2AD4B672005BAC05 /* notes Watch App.app in Embed Watch Content */,
			);
			name = "Embed Watch Content";
			runOnlyForDeploymentPostprocessing = 0;
		};
/* End PBXCopyFilesBuildPhase section */

/* Begin PBXFileReference section */
		6407A8472AD8B94600EEBDFB /* NoteModel.swift */ = {isa = PBXFileReference; lastKnownFileType = sourcecode.swift; path = NoteModel.swift; sourceTree = "<group>"; };
		6407A8492AD8BF6100EEBDFB /* NoteItemView.swift */ = {isa = PBXFileReference; lastKnownFileType = sourcecode.swift; path = NoteItemView.swift; sourceTree = "<group>"; };
		64A8EDF32ADB44CA00EE1E21 /* DetailsView.swift */ = {isa = PBXFileReference; lastKnownFileType = sourcecode.swift; path = DetailsView.swift; sourceTree = "<group>"; };
		64A8EDF52ADB554200EE1E21 /* HeaderView.swift */ = {isa = PBXFileReference; lastKnownFileType = sourcecode.swift; path = HeaderView.swift; sourceTree = "<group>"; };
		64D578452AD4B672005BAC05 /* notes.app */ = {isa = PBXFileReference; explicitFileType = wrapper.application; includeInIndex = 0; path = notes.app; sourceTree = BUILT_PRODUCTS_DIR; };
		64D5784B2AD4B672005BAC05 /* notes Watch App.app */ = {isa = PBXFileReference; explicitFileType = wrapper.application; includeInIndex = 0; path = "notes Watch App.app"; sourceTree = BUILT_PRODUCTS_DIR; };
		64D578502AD4B672005BAC05 /* NotesApp.swift */ = {isa = PBXFileReference; lastKnownFileType = sourcecode.swift; path = NotesApp.swift; sourceTree = "<group>"; };
		64D578522AD4B672005BAC05 /* CreateNote.swift */ = {isa = PBXFileReference; lastKnownFileType = sourcecode.swift; path = CreateNote.swift; sourceTree = "<group>"; };
		64D578542AD4B674005BAC05 /* Assets.xcassets */ = {isa = PBXFileReference; lastKnownFileType = folder.assetcatalog; path = Assets.xcassets; sourceTree = "<group>"; };
		64D578572AD4B674005BAC05 /* Preview Assets.xcassets */ = {isa = PBXFileReference; lastKnownFileType = folder.assetcatalog; path = "Preview Assets.xcassets"; sourceTree = "<group>"; };
		64DD52762ADDD053003B1CB4 /* CreatedByView.swift */ = {isa = PBXFileReference; lastKnownFileType = sourcecode.swift; path = CreatedByView.swift; sourceTree = "<group>"; };
		64DD52782ADDDC2E003B1CB4 /* SettingsView.swift */ = {isa = PBXFileReference; lastKnownFileType = sourcecode.swift; path = SettingsView.swift; sourceTree = "<group>"; };
		64DD527A2ADDE1FB003B1CB4 /* Extension.swift */ = {isa = PBXFileReference; lastKnownFileType = sourcecode.swift; path = Extension.swift; sourceTree = "<group>"; };
/* End PBXFileReference section */

/* Begin PBXFrameworksBuildPhase section */
		64D578482AD4B672005BAC05 /* Frameworks */ = {
			isa = PBXFrameworksBuildPhase;
			buildActionMask = 2147483647;
			files = (
			);
			runOnlyForDeploymentPostprocessing = 0;
		};
/* End PBXFrameworksBuildPhase section */

/* Begin PBXGroup section */
		64D5783E2AD4B671005BAC05 = {
			isa = PBXGroup;
			children = (
				64D5784F2AD4B672005BAC05 /* notes Watch App */,
				64D578462AD4B672005BAC05 /* Products */,
			);
			sourceTree = "<group>";
		};
		64D578462AD4B672005BAC05 /* Products */ = {
			isa = PBXGroup;
			children = (
				64D578452AD4B672005BAC05 /* notes.app */,
				64D5784B2AD4B672005BAC05 /* notes Watch App.app */,
			);
			name = Products;
			sourceTree = "<group>";
		};
		64D5784F2AD4B672005BAC05 /* notes Watch App */ = {
			isa = PBXGroup;
			children = (
				64DD527D2ADDF06D003B1CB4 /* Data */,
				64DD527C2ADDF05C003B1CB4 /* App */,
				64D578542AD4B674005BAC05 /* Assets.xcassets */,
				64D578562AD4B674005BAC05 /* Preview Content */,
				6407A8492AD8BF6100EEBDFB /* NoteItemView.swift */,
				64A8EDF32ADB44CA00EE1E21 /* DetailsView.swift */,
				64A8EDF52ADB554200EE1E21 /* HeaderView.swift */,
				64DD52762ADDD053003B1CB4 /* CreatedByView.swift */,
				64DD52782ADDDC2E003B1CB4 /* SettingsView.swift */,
				64DD527A2ADDE1FB003B1CB4 /* Extension.swift */,
			);
			path = "notes Watch App";
			sourceTree = "<group>";
		};
		64D578562AD4B674005BAC05 /* Preview Content */ = {
			isa = PBXGroup;
			children = (
				64D578572AD4B674005BAC05 /* Preview Assets.xcassets */,
			);
			path = "Preview Content";
			sourceTree = "<group>";
		};
		64DD527C2ADDF05C003B1CB4 /* App */ = {
			isa = PBXGroup;
			children = (
				64D578502AD4B672005BAC05 /* NotesApp.swift */,
				64D578522AD4B672005BAC05 /* CreateNote.swift */,
			);
			path = App;
			sourceTree = "<group>";
		};
		64DD527D2ADDF06D003B1CB4 /* Data */ = {
			isa = PBXGroup;
			children = (
				6407A8472AD8B94600EEBDFB /* NoteModel.swift */,
			);
			path = Data;
			sourceTree = "<group>";
		};
/* End PBXGroup section */

/* Begin PBXNativeTarget section */
		64D578442AD4B672005BAC05 /* notes */ = {
			isa = PBXNativeTarget;
			buildConfigurationList = 64D5785F2AD4B674005BAC05 /* Build configuration list for PBXNativeTarget "notes" */;
			buildPhases = (
				64D578432AD4B672005BAC05 /* Resources */,
				64D5785E2AD4B674005BAC05 /* Embed Watch Content */,
			);
			buildRules = (
			);
			dependencies = (
				64D5784E2AD4B672005BAC05 /* PBXTargetDependency */,
			);
			name = notes;
			productName = notes;
			productReference = 64D578452AD4B672005BAC05 /* notes.app */;
			productType = "com.apple.product-type.application.watchapp2-container";
		};
		64D5784A2AD4B672005BAC05 /* notes Watch App */ = {
			isa = PBXNativeTarget;
			buildConfigurationList = 64D5785B2AD4B674005BAC05 /* Build configuration list for PBXNativeTarget "notes Watch App" */;
			buildPhases = (
				64D578472AD4B672005BAC05 /* Sources */,
				64D578482AD4B672005BAC05 /* Frameworks */,
				64D578492AD4B672005BAC05 /* Resources */,
			);
			buildRules = (
			);
			dependencies = (
			);
			name = "notes Watch App";
			productName = "notes Watch App";
			productReference = 64D5784B2AD4B672005BAC05 /* notes Watch App.app */;
			productType = "com.apple.product-type.application";
		};
/* End PBXNativeTarget section */

/* Begin PBXProject section */
		64D5783F2AD4B671005BAC05 /* Project object */ = {
			isa = PBXProject;
			attributes = {
				BuildIndependentTargetsInParallel = 1;
				LastSwiftUpdateCheck = 1500;
				LastUpgradeCheck = 1500;
				TargetAttributes = {
					64D578442AD4B672005BAC05 = {
						CreatedOnToolsVersion = 15.0;
					};
					64D5784A2AD4B672005BAC05 = {
						CreatedOnToolsVersion = 15.0;
					};
				};
			};
			buildConfigurationList = 64D578422AD4B671005BAC05 /* Build configuration list for PBXProject "notes" */;
			compatibilityVersion = "Xcode 14.0";
			developmentRegion = en;
			hasScannedForEncodings = 0;
			knownRegions = (
				en,
				Base,
			);
			mainGroup = 64D5783E2AD4B671005BAC05;
			productRefGroup = 64D578462AD4B672005BAC05 /* Products */;
			projectDirPath = "";
			projectRoot = "";
			targets = (
				64D578442AD4B672005BAC05 /* notes */,
				64D5784A2AD4B672005BAC05 /* notes Watch App */,
			);
		};
/* End PBXProject section */

/* Begin PBXResourcesBuildPhase section */
		64D578432AD4B672005BAC05 /* Resources */ = {
			isa = PBXResourcesBuildPhase;
			buildActionMask = 2147483647;
			files = (
			);
			runOnlyForDeploymentPostprocessing = 0;
		};
		64D578492AD4B672005BAC05 /* Resources */ = {
			isa = PBXResourcesBuildPhase;
			buildActionMask = 2147483647;
			files = (
				64D578582AD4B674005BAC05 /* Preview Assets.xcassets in Resources */,
				64D578552AD4B674005BAC05 /* Assets.xcassets in Resources */,
			);
			runOnlyForDeploymentPostprocessing = 0;
		};
/* End PBXResourcesBuildPhase section */

/* Begin PBXSourcesBuildPhase section */
		64D578472AD4B672005BAC05 /* Sources */ = {
			isa = PBXSourcesBuildPhase;
			buildActionMask = 2147483647;
			files = (
				64DD527B2ADDE1FB003B1CB4 /* Extension.swift in Sources */,
				64D578532AD4B672005BAC05 /* CreateNote.swift in Sources */,
				64DD52792ADDDC2E003B1CB4 /* SettingsView.swift in Sources */,
				64A8EDF62ADB554200EE1E21 /* HeaderView.swift in Sources */,
				64A8EDF42ADB44CA00EE1E21 /* DetailsView.swift in Sources */,
				6407A84A2AD8BF6100EEBDFB /* NoteItemView.swift in Sources */,
				64DD52772ADDD053003B1CB4 /* CreatedByView.swift in Sources */,
				6407A8482AD8B94600EEBDFB /* NoteModel.swift in Sources */,
				64D578512AD4B672005BAC05 /* NotesApp.swift in Sources */,
			);
			runOnlyForDeploymentPostprocessing = 0;
		};
/* End PBXSourcesBuildPhase section */

/* Begin PBXTargetDependency section */
		64D5784E2AD4B672005BAC05 /* PBXTargetDependency */ = {
			isa = PBXTargetDependency;
			target = 64D5784A2AD4B672005BAC05 /* notes Watch App */;
			targetProxy = 64D5784D2AD4B672005BAC05 /* PBXContainerItemProxy */;
		};
/* End PBXTargetDependency section */

/* Begin XCBuildConfiguration section */
		64D578592AD4B674005BAC05 /* Debug */ = {
			isa = XCBuildConfiguration;
			buildSettings = {
				ALWAYS_SEARCH_USER_PATHS = NO;
				ASSETCATALOG_COMPILER_GENERATE_SWIFT_ASSET_SYMBOL_EXTENSIONS = YES;
				CLANG_ANALYZER_NONNULL = YES;
				CLANG_ANALYZER_NUMBER_OBJECT_CONVERSION = YES_AGGRESSIVE;
				CLANG_CXX_LANGUAGE_STANDARD = "gnu++20";
				CLANG_ENABLE_MODULES = YES;
				CLANG_ENABLE_OBJC_ARC = YES;
				CLANG_ENABLE_OBJC_WEAK = YES;
				CLANG_WARN_BLOCK_CAPTURE_AUTORELEASING = YES;
				CLANG_WARN_BOOL_CONVERSION = YES;
				CLANG_WARN_COMMA = YES;
				CLANG_WARN_CONSTANT_CONVERSION = YES;
				CLANG_WARN_DEPRECATED_OBJC_IMPLEMENTATIONS = YES;
				CLANG_WARN_DIRECT_OBJC_ISA_USAGE = YES_ERROR;
				CLANG_WARN_DOCUMENTATION_COMMENTS = YES;
				CLANG_WARN_EMPTY_BODY = YES;
				CLANG_WARN_ENUM_CONVERSION = YES;
				CLANG_WARN_INFINITE_RECURSION = YES;
				CLANG_WARN_INT_CONVERSION = YES;
				CLANG_WARN_NON_LITERAL_NULL_CONVERSION = YES;
				CLANG_WARN_OBJC_IMPLICIT_RETAIN_SELF = YES;
				CLANG_WARN_OBJC_LITERAL_CONVERSION = YES;
				CLANG_WARN_OBJC_ROOT_CLASS = YES_ERROR;
				CLANG_WARN_QUOTED_INCLUDE_IN_FRAMEWORK_HEADER = YES;
				CLANG_WARN_RANGE_LOOP_ANALYSIS = YES;
				CLANG_WARN_STRICT_PROTOTYPES = YES;
				CLANG_WARN_SUSPICIOUS_MOVE = YES;
				CLANG_WARN_UNGUARDED_AVAILABILITY = YES_AGGRESSIVE;
				CLANG_WARN_UNREACHABLE_CODE = YES;
				CLANG_WARN__DUPLICATE_METHOD_MATCH = YES;
				COPY_PHASE_STRIP = NO;
				DEBUG_INFORMATION_FORMAT = dwarf;
				ENABLE_STRICT_OBJC_MSGSEND = YES;
				ENABLE_TESTABILITY = YES;
				ENABLE_USER_SCRIPT_SANDBOXING = YES;
				GCC_C_LANGUAGE_STANDARD = gnu17;
				GCC_DYNAMIC_NO_PIC = NO;
				GCC_NO_COMMON_BLOCKS = YES;
				GCC_OPTIMIZATION_LEVEL = 0;
				GCC_PREPROCESSOR_DEFINITIONS = (
					"DEBUG=1",
					"$(inherited)",
				);
				GCC_WARN_64_TO_32_BIT_CONVERSION = YES;
				GCC_WARN_ABOUT_RETURN_TYPE = YES_ERROR;
				GCC_WARN_UNDECLARED_SELECTOR = YES;
				GCC_WARN_UNINITIALIZED_AUTOS = YES_AGGRESSIVE;
				GCC_WARN_UNUSED_FUNCTION = YES;
				GCC_WARN_UNUSED_VARIABLE = YES;
				LOCALIZATION_PREFERS_STRING_CATALOGS = YES;
				MTL_ENABLE_DEBUG_INFO = INCLUDE_SOURCE;
				MTL_FAST_MATH = YES;
				ONLY_ACTIVE_ARCH = YES;
				SWIFT_ACTIVE_COMPILATION_CONDITIONS = "DEBUG $(inherited)";
				SWIFT_OPTIMIZATION_LEVEL = "-Onone";
			};
			name = Debug;
		};
		64D5785A2AD4B674005BAC05 /* Release */ = {
			isa = XCBuildConfiguration;
			buildSettings = {
				ALWAYS_SEARCH_USER_PATHS = NO;
				ASSETCATALOG_COMPILER_GENERATE_SWIFT_ASSET_SYMBOL_EXTENSIONS = YES;
				CLANG_ANALYZER_NONNULL = YES;
				CLANG_ANALYZER_NUMBER_OBJECT_CONVERSION = YES_AGGRESSIVE;
				CLANG_CXX_LANGUAGE_STANDARD = "gnu++20";
				CLANG_ENABLE_MODULES = YES;
				CLANG_ENABLE_OBJC_ARC = YES;
				CLANG_ENABLE_OBJC_WEAK = YES;
				CLANG_WARN_BLOCK_CAPTURE_AUTORELEASING = YES;
				CLANG_WARN_BOOL_CONVERSION = YES;
				CLANG_WARN_COMMA = YES;
				CLANG_WARN_CONSTANT_CONVERSION = YES;
				CLANG_WARN_DEPRECATED_OBJC_IMPLEMENTATIONS = YES;
				CLANG_WARN_DIRECT_OBJC_ISA_USAGE = YES_ERROR;
				CLANG_WARN_DOCUMENTATION_COMMENTS = YES;
				CLANG_WARN_EMPTY_BODY = YES;
				CLANG_WARN_ENUM_CONVERSION = YES;
				CLANG_WARN_INFINITE_RECURSION = YES;
				CLANG_WARN_INT_CONVERSION = YES;
				CLANG_WARN_NON_LITERAL_NULL_CONVERSION = YES;
				CLANG_WARN_OBJC_IMPLICIT_RETAIN_SELF = YES;
				CLANG_WARN_OBJC_LITERAL_CONVERSION = YES;
				CLANG_WARN_OBJC_ROOT_CLASS = YES_ERROR;
				CLANG_WARN_QUOTED_INCLUDE_IN_FRAMEWORK_HEADER = YES;
				CLANG_WARN_RANGE_LOOP_ANALYSIS = YES;
				CLANG_WARN_STRICT_PROTOTYPES = YES;
				CLANG_WARN_SUSPICIOUS_MOVE = YES;
				CLANG_WARN_UNGUARDED_AVAILABILITY = YES_AGGRESSIVE;
				CLANG_WARN_UNREACHABLE_CODE = YES;
				CLANG_WARN__DUPLICATE_METHOD_MATCH = YES;
				COPY_PHASE_STRIP = NO;
				DEBUG_INFORMATION_FORMAT = "dwarf-with-dsym";
				ENABLE_NS_ASSERTIONS = NO;
				ENABLE_STRICT_OBJC_MSGSEND = YES;
				ENABLE_USER_SCRIPT_SANDBOXING = YES;
				GCC_C_LANGUAGE_STANDARD = gnu17;
				GCC_NO_COMMON_BLOCKS = YES;
				GCC_WARN_64_TO_32_BIT_CONVERSION = YES;
				GCC_WARN_ABOUT_RETURN_TYPE = YES_ERROR;
				GCC_WARN_UNDECLARED_SELECTOR = YES;
				GCC_WARN_UNINITIALIZED_AUTOS = YES_AGGRESSIVE;
				GCC_WARN_UNUSED_FUNCTION = YES;
				GCC_WARN_UNUSED_VARIABLE = YES;
				LOCALIZATION_PREFERS_STRING_CATALOGS = YES;
				MTL_ENABLE_DEBUG_INFO = NO;
				MTL_FAST_MATH = YES;
				SWIFT_COMPILATION_MODE = wholemodule;
			};
			name = Release;
		};
		64D5785C2AD4B674005BAC05 /* Debug */ = {
			isa = XCBuildConfiguration;
			buildSettings = {
				ASSETCATALOG_COMPILER_APPICON_NAME = AppIcon;
				ASSETCATALOG_COMPILER_GLOBAL_ACCENT_COLOR_NAME = AccentColor;
				CODE_SIGN_STYLE = Automatic;
				CURRENT_PROJECT_VERSION = 1;
				DEVELOPMENT_ASSET_PATHS = "\"notes Watch App/Preview Content\"";
				DEVELOPMENT_TEAM = SFGFVVKYCQ;
				ENABLE_PREVIEWS = YES;
				GENERATE_INFOPLIST_FILE = YES;
				INFOPLIST_KEY_CFBundleDisplayName = notes;
				INFOPLIST_KEY_UISupportedInterfaceOrientations = "UIInterfaceOrientationPortrait UIInterfaceOrientationPortraitUpsideDown";
				INFOPLIST_KEY_WKWatchOnly = YES;
				LD_RUNPATH_SEARCH_PATHS = (
					"$(inherited)",
					"@executable_path/Frameworks",
				);
				MARKETING_VERSION = 1.0;
				PRODUCT_BUNDLE_IDENTIFIER = com.ezz.notes.watchkitapp;
				PRODUCT_NAME = "$(TARGET_NAME)";
				SDKROOT = watchos;
				SKIP_INSTALL = YES;
				SWIFT_EMIT_LOC_STRINGS = YES;
				SWIFT_VERSION = 5.0;
				TARGETED_DEVICE_FAMILY = 4;
				WATCHOS_DEPLOYMENT_TARGET = 10.0;
			};
			name = Debug;
		};
		64D5785D2AD4B674005BAC05 /* Release */ = {
			isa = XCBuildConfiguration;
			buildSettings = {
				ASSETCATALOG_COMPILER_APPICON_NAME = AppIcon;
				ASSETCATALOG_COMPILER_GLOBAL_ACCENT_COLOR_NAME = AccentColor;
				CODE_SIGN_STYLE = Automatic;
				CURRENT_PROJECT_VERSION = 1;
				DEVELOPMENT_ASSET_PATHS = "\"notes Watch App/Preview Content\"";
				DEVELOPMENT_TEAM = SFGFVVKYCQ;
				ENABLE_PREVIEWS = YES;
				GENERATE_INFOPLIST_FILE = YES;
				INFOPLIST_KEY_CFBundleDisplayName = notes;
				INFOPLIST_KEY_UISupportedInterfaceOrientations = "UIInterfaceOrientationPortrait UIInterfaceOrientationPortraitUpsideDown";
				INFOPLIST_KEY_WKWatchOnly = YES;
				LD_RUNPATH_SEARCH_PATHS = (
					"$(inherited)",
					"@executable_path/Frameworks",
				);
				MARKETING_VERSION = 1.0;
				PRODUCT_BUNDLE_IDENTIFIER = com.ezz.notes.watchkitapp;
				PRODUCT_NAME = "$(TARGET_NAME)";
				SDKROOT = watchos;
				SKIP_INSTALL = YES;
				SWIFT_EMIT_LOC_STRINGS = YES;
				SWIFT_VERSION = 5.0;
				TARGETED_DEVICE_FAMILY = 4;
				VALIDATE_PRODUCT = YES;
				WATCHOS_DEPLOYMENT_TARGET = 10.0;
			};
			name = Release;
		};
		64D578602AD4B674005BAC05 /* Debug */ = {
			isa = XCBuildConfiguration;
			buildSettings = {
				ALWAYS_EMBED_SWIFT_STANDARD_LIBRARIES = YES;
				CODE_SIGN_STYLE = Automatic;
				CURRENT_PROJECT_VERSION = 1;
				DEVELOPMENT_TEAM = SFGFVVKYCQ;
				INFOPLIST_KEY_CFBundleDisplayName = notes;
				MARKETING_VERSION = 1.0;
				PRODUCT_BUNDLE_IDENTIFIER = com.ezz.notes;
				PRODUCT_NAME = "$(TARGET_NAME)";
				SDKROOT = iphoneos;
				SWIFT_VERSION = 5.0;
			};
			name = Debug;
		};
		64D578612AD4B674005BAC05 /* Release */ = {
			isa = XCBuildConfiguration;
			buildSettings = {
				ALWAYS_EMBED_SWIFT_STANDARD_LIBRARIES = YES;
				CODE_SIGN_STYLE = Automatic;
				CURRENT_PROJECT_VERSION = 1;
				DEVELOPMENT_TEAM = SFGFVVKYCQ;
				INFOPLIST_KEY_CFBundleDisplayName = notes;
				MARKETING_VERSION = 1.0;
				PRODUCT_BUNDLE_IDENTIFIER = com.ezz.notes;
				PRODUCT_NAME = "$(TARGET_NAME)";
				SDKROOT = iphoneos;
				SWIFT_VERSION = 5.0;
				VALIDATE_PRODUCT = YES;
			};
			name = Release;
		};
/* End XCBuildConfiguration section */

/* Begin XCConfigurationList section */
		64D578422AD4B671005BAC05 /* Build configuration list for PBXProject "notes" */ = {
			isa = XCConfigurationList;
			buildConfigurations = (
				64D578592AD4B674005BAC05 /* Debug */,
				64D5785A2AD4B674005BAC05 /* Release */,
			);
			defaultConfigurationIsVisible = 0;
			defaultConfigurationName = Release;
		};
		64D5785B2AD4B674005BAC05 /* Build configuration list for PBXNativeTarget "notes Watch App" */ = {
			isa = XCConfigurationList;
			buildConfigurations = (
				64D5785C2AD4B674005BAC05 /* Debug */,
				64D5785D2AD4B674005BAC05 /* Release */,
			);
			defaultConfigurationIsVisible = 0;
			defaultConfigurationName = Release;
		};
		64D5785F2AD4B674005BAC05 /* Build configuration list for PBXNativeTarget "notes" */ = {
			isa = XCConfigurationList;
			buildConfigurations = (
				64D578602AD4B674005BAC05 /* Debug */,
				64D578612AD4B674005BAC05 /* Release */,
			);
			defaultConfigurationIsVisible = 0;
			defaultConfigurationName = Release;
		};
/* End XCConfigurationList section */
	};
	rootObject = 64D5783F2AD4B671005BAC05 /* Project object */;
}
